
Microsoft Visual Studio Solution File, Format Version 12.00
# Visual Studio Version 16
VisualStudioVersion = 16.0.32802.440
MinimumVisualStudioVersion = 10.0.40219.1
Project("{FAE04EC0-301F-11D3-BF4B-00C04F79EFBC}") = "DraftECommerece", "DraftECommerece\DraftECommerece.csproj", "{A3B36080-190A-439A-98BD-738D33747C83}"
EndProject
Global
	GlobalSection(SolutionConfigurationPlatforms) = preSolution
		Debug|Any CPU = Debug|Any CPU
		Release|Any CPU = Release|Any CPU
	EndGlobalSection
	GlobalSection(ProjectConfigurationPlatforms) = postSolution
		{A3B36080-190A-439A-98BD-738D33747C83}.Debug|Any CPU.ActiveCfg = Debug|Any CPU
		{A3B36080-190A-439A-98BD-738D33747C83}.Debug|Any CPU.Build.0 = Debug|Any CPU
		{A3B36080-190A-439A-98BD-738D33747C83}.Release|Any CPU.ActiveCfg = Release|Any CPU
		{A3B36080-190A-439A-98BD-738D33747C83}.Release|Any CPU.Build.0 = Release|Any CPU
	EndGlobalSection
	GlobalSection(SolutionProperties) = preSolution
		HideSolutionNode = FALSE
	EndGlobalSection
	GlobalSection(ExtensibilityGlobals) = postSolution
		SolutionGuid = {0917E129-DB8B-4275-B5E3-E7F2587C08A1}
	EndGlobalSection
EndGlobal
